
Microsoft Visual Studio Solution File, Format Version 11.00
# Visual Studio 2010
Project("{FAE04EC0-301F-11D3-BF4B-00C04F79EFBC}") = "ConsoleApplication24", "ConsoleApplication24\ConsoleApplication24.csproj", "{B49472D3-C89E-4B57-B74B-51BF1435ED06}"
EndProject
Global
	GlobalSection(SolutionConfigurationPlatforms) = preSolution
		Debug|x86 = Debug|x86
		Release|x86 = Release|x86
	EndGlobalSection
	GlobalSection(ProjectConfigurationPlatforms) = postSolution
		{B49472D3-C89E-4B57-B74B-51BF1435ED06}.Debug|x86.ActiveCfg = Debug|x86
		{B49472D3-C89E-4B57-B74B-51BF1435ED06}.Debug|x86.Build.0 = Debug|x86
		{B49472D3-C89E-4B57-B74B-51BF1435ED06}.Release|x86.ActiveCfg = Release|x86
		{B49472D3-C89E-4B57-B74B-51BF1435ED06}.Release|x86.Build.0 = Release|x86
	EndGlobalSection
	GlobalSection(SolutionProperties) = preSolution
		HideSolutionNode = FALSE
	EndGlobalSection
EndGlobal
